
Microsoft Visual Studio Solution File, Format Version 12.00
# Visual Studio 15
VisualStudioVersion = 15.0.27703.2035
MinimumVisualStudioVersion = 10.0.40219.1
Project("{FAE04EC0-301F-11D3-BF4B-00C04F79EFBC}") = "HindiAlphabet.Android", "HindiAlphabet\HindiAlphabet.Android\HindiAlphabet.Android.csproj", "{FB43768B-DDDD-4F41-AC1D-08667D5B3DD9}"
EndProject
Project("{FAE04EC0-301F-11D3-BF4B-00C04F79EFBC}") = "HindiAlphabet.UWP", "HindiAlphabet\HindiAlphabet.UWP\HindiAlphabet.UWP.csproj", "{567C0F4E-FBFD-43E7-A668-00BEEC12F26E}"
EndProject
Project("{9A19103F-16F7-4668-BE54-9A1E7A4F7556}") = "HindiAlphabet", "HindiAlphabet\HindiAlphabet\HindiAlphabet.csproj", "{5733AF5F-4E64-42FF-B4D5-978921B18EB2}"
EndProject
Global
	GlobalSection(SolutionConfigurationPlatforms) = preSolution
		Debug|Any CPU = Debug|Any CPU
		Debug|ARM = Debug|ARM
		Debug|x64 = Debug|x64
		Debug|x86 = Debug|x86
		Release|Any CPU = Release|Any CPU
		Release|ARM = Release|ARM
		Release|x64 = Release|x64
		Release|x86 = Release|x86
	EndGlobalSection
	GlobalSection(ProjectConfigurationPlatforms) = postSolution
		{FB43768B-DDDD-4F41-AC1D-08667D5B3DD9}.Debug|Any CPU.ActiveCfg = Release|Any CPU
		{FB43768B-DDDD-4F41-AC1D-08667D5B3DD9}.Debug|Any CPU.Build.0 = Release|Any CPU
		{FB43768B-DDDD-4F41-AC1D-08667D5B3DD9}.Debug|Any CPU.Deploy.0 = Release|Any CPU
		{FB43768B-DDDD-4F41-AC1D-08667D5B3DD9}.Debug|ARM.ActiveCfg = Debug|Any CPU
		{FB43768B-DDDD-4F41-AC1D-08667D5B3DD9}.Debug|ARM.Build.0 = Debug|Any CPU
		{FB43768B-DDDD-4F41-AC1D-08667D5B3DD9}.Debug|ARM.Deploy.0 = Debug|Any CPU
		{FB43768B-DDDD-4F41-AC1D-08667D5B3DD9}.Debug|x64.ActiveCfg = Debug|Any CPU
		{FB43768B-DDDD-4F41-AC1D-08667D5B3DD9}.Debug|x64.Build.0 = Debug|Any CPU
		{FB43768B-DDDD-4F41-AC1D-08667D5B3DD9}.Debug|x64.Deploy.0 = Debug|Any CPU
		{FB43768B-DDDD-4F41-AC1D-08667D5B3DD9}.Debug|x86.ActiveCfg = Debug|Any CPU
		{FB43768B-DDDD-4F41-AC1D-08667D5B3DD9}.Debug|x86.Build.0 = Debug|Any CPU
		{FB43768B-DDDD-4F41-AC1D-08667D5B3DD9}.Debug|x86.Deploy.0 = Debug|Any CPU
		{FB43768B-DDDD-4F41-AC1D-08667D5B3DD9}.Release|Any CPU.ActiveCfg = Release|Any CPU
		{FB43768B-DDDD-4F41-AC1D-08667D5B3DD9}.Release|Any CPU.Build.0 = Release|Any CPU
		{FB43768B-DDDD-4F41-AC1D-08667D5B3DD9}.Release|Any CPU.Deploy.0 = Release|Any CPU
		{FB43768B-DDDD-4F41-AC1D-08667D5B3DD9}.Release|ARM.ActiveCfg = Release|Any CPU
		{FB43768B-DDDD-4F41-AC1D-08667D5B3DD9}.Release|ARM.Build.0 = Release|Any CPU
		{FB43768B-DDDD-4F41-AC1D-08667D5B3DD9}.Release|ARM.Deploy.0 = Release|Any CPU
		{FB43768B-DDDD-4F41-AC1D-08667D5B3DD9}.Release|x64.ActiveCfg = Release|Any CPU
		{FB43768B-DDDD-4F41-AC1D-08667D5B3DD9}.Release|x64.Build.0 = Release|Any CPU
		{FB43768B-DDDD-4F41-AC1D-08667D5B3DD9}.Release|x64.Deploy.0 = Release|Any CPU
		{FB43768B-DDDD-4F41-AC1D-08667D5B3DD9}.Release|x86.ActiveCfg = Release|Any CPU
		{FB43768B-DDDD-4F41-AC1D-08667D5B3DD9}.Release|x86.Build.0 = Release|Any CPU
		{FB43768B-DDDD-4F41-AC1D-08667D5B3DD9}.Release|x86.Deploy.0 = Release|Any CPU
		{567C0F4E-FBFD-43E7-A668-00BEEC12F26E}.Debug|Any CPU.ActiveCfg = Release|x86
		{567C0F4E-FBFD-43E7-A668-00BEEC12F26E}.Debug|Any CPU.Build.0 = Release|x86
		{567C0F4E-FBFD-43E7-A668-00BEEC12F26E}.Debug|Any CPU.Deploy.0 = Release|x86
		{567C0F4E-FBFD-43E7-A668-00BEEC12F26E}.Debug|ARM.ActiveCfg = Debug|ARM
		{567C0F4E-FBFD-43E7-A668-00BEEC12F26E}.Debug|ARM.Build.0 = Debug|ARM
		{567C0F4E-FBFD-43E7-A668-00BEEC12F26E}.Debug|ARM.Deploy.0 = Debug|ARM
		{567C0F4E-FBFD-43E7-A668-00BEEC12F26E}.Debug|x64.ActiveCfg = Debug|x64
		{567C0F4E-FBFD-43E7-A668-00BEEC12F26E}.Debug|x64.Build.0 = Debug|x64
		{567C0F4E-FBFD-43E7-A668-00BEEC12F26E}.Debug|x64.Deploy.0 = Debug|x64
		{567C0F4E-FBFD-43E7-A668-00BEEC12F26E}.Debug|x86.ActiveCfg = Debug|x86
		{567C0F4E-FBFD-43E7-A668-00BEEC12F26E}.Debug|x86.Build.0 = Debug|x86
		{567C0F4E-FBFD-43E7-A668-00BEEC12F26E}.Debug|x86.Deploy.0 = Debug|x86
		{567C0F4E-FBFD-43E7-A668-00BEEC12F26E}.Release|Any CPU.ActiveCfg = Release|x86
		{567C0F4E-FBFD-43E7-A668-00BEEC12F26E}.Release|Any CPU.Build.0 = Release|x86
		{567C0F4E-FBFD-43E7-A668-00BEEC12F26E}.Release|Any CPU.Deploy.0 = Release|x86
		{567C0F4E-FBFD-43E7-A668-00BEEC12F26E}.Release|ARM.ActiveCfg = Release|ARM
		{567C0F4E-FBFD-43E7-A668-00BEEC12F26E}.Release|ARM.Build.0 = Release|ARM
		{567C0F4E-FBFD-43E7-A668-00BEEC12F26E}.Release|ARM.Deploy.0 = Release|ARM
		{567C0F4E-FBFD-43E7-A668-00BEEC12F26E}.Release|x64.ActiveCfg = Release|x64
		{567C0F4E-FBFD-43E7-A668-00BEEC12F26E}.Release|x64.Build.0 = Release|x64
		{567C0F4E-FBFD-43E7-A668-00BEEC12F26E}.Release|x64.Deploy.0 = Release|x64
		{567C0F4E-FBFD-43E7-A668-00BEEC12F26E}.Release|x86.ActiveCfg = Release|x86
		{567C0F4E-FBFD-43E7-A668-00BEEC12F26E}.Release|x86.Build.0 = Release|x86
		{567C0F4E-FBFD-43E7-A668-00BEEC12F26E}.Release|x86.Deploy.0 = Release|x86
		{5733AF5F-4E64-42FF-B4D5-978921B18EB2}.Debug|Any CPU.ActiveCfg = Release|Any CPU
		{5733AF5F-4E64-42FF-B4D5-978921B18EB2}.Debug|Any CPU.Build.0 = Release|Any CPU
		{5733AF5F-4E64-42FF-B4D5-978921B18EB2}.Debug|Any CPU.Deploy.0 = Release|Any CPU
		{5733AF5F-4E64-42FF-B4D5-978921B18EB2}.Debug|ARM.ActiveCfg = Debug|Any CPU
		{5733AF5F-4E64-42FF-B4D5-978921B18EB2}.Debug|ARM.Build.0 = Debug|Any CPU
		{5733AF5F-4E64-42FF-B4D5-978921B18EB2}.Debug|ARM.Deploy.0 = Debug|Any CPU
		{5733AF5F-4E64-42FF-B4D5-978921B18EB2}.Debug|x64.ActiveCfg = Debug|Any CPU
		{5733AF5F-4E64-42FF-B4D5-978921B18EB2}.Debug|x64.Build.0 = Debug|Any CPU
		{5733AF5F-4E64-42FF-B4D5-978921B18EB2}.Debug|x64.Deploy.0 = Debug|Any CPU
		{5733AF5F-4E64-42FF-B4D5-978921B18EB2}.Debug|x86.ActiveCfg = Debug|Any CPU
		{5733AF5F-4E64-42FF-B4D5-978921B18EB2}.Debug|x86.Build.0 = Debug|Any CPU
		{5733AF5F-4E64-42FF-B4D5-978921B18EB2}.Debug|x86.Deploy.0 = Debug|Any CPU
		{5733AF5F-4E64-42FF-B4D5-978921B18EB2}.Release|Any CPU.ActiveCfg = Release|Any CPU
		{5733AF5F-4E64-42FF-B4D5-978921B18EB2}.Release|Any CPU.Build.0 = Release|Any CPU
		{5733AF5F-4E64-42FF-B4D5-978921B18EB2}.Release|Any CPU.Deploy.0 = Release|Any CPU
		{5733AF5F-4E64-42FF-B4D5-978921B18EB2}.Release|ARM.ActiveCfg = Release|Any CPU
		{5733AF5F-4E64-42FF-B4D5-978921B18EB2}.Release|ARM.Build.0 = Release|Any CPU
		{5733AF5F-4E64-42FF-B4D5-978921B18EB2}.Release|ARM.Deploy.0 = Release|Any CPU
		{5733AF5F-4E64-42FF-B4D5-978921B18EB2}.Release|x64.ActiveCfg = Release|Any CPU
		{5733AF5F-4E64-42FF-B4D5-978921B18EB2}.Release|x64.Build.0 = Release|Any CPU
		{5733AF5F-4E64-42FF-B4D5-978921B18EB2}.Release|x64.Deploy.0 = Release|Any CPU
		{5733AF5F-4E64-42FF-B4D5-978921B18EB2}.Release|x86.ActiveCfg = Release|Any CPU
		{5733AF5F-4E64-42FF-B4D5-978921B18EB2}.Release|x86.Build.0 = Release|Any CPU
		{5733AF5F-4E64-42FF-B4D5-978921B18EB2}.Release|x86.Deploy.0 = Release|Any CPU
	EndGlobalSection
	GlobalSection(SolutionProperties) = preSolution
		HideSolutionNode = FALSE
	EndGlobalSection
	GlobalSection(ExtensibilityGlobals) = postSolution
		SolutionGuid = {DDB8179C-F452-4E84-AFCE-DC5BEED75641}
	EndGlobalSection
EndGlobal
